
Microsoft Visual Studio Solution File, Format Version 12.00
# Visual Studio Version 17
VisualStudioVersion = 17.11.35303.130
MinimumVisualStudioVersion = 10.0.40219.1
Project("{FAE04EC0-301F-11D3-BF4B-00C04F79EFBC}") = "S1120342HW4", "S1120342HW4\S1120342HW4.csproj", "{1601A58D-78CC-4966-906B-FCB47FD02358}"
EndProject
Global
	GlobalSection(SolutionConfigurationPlatforms) = preSolution
		Debug|Any CPU = Debug|Any CPU
		Release|Any CPU = Release|Any CPU
	EndGlobalSection
	GlobalSection(ProjectConfigurationPlatforms) = postSolution
		{1601A58D-78CC-4966-906B-FCB47FD02358}.Debug|Any CPU.ActiveCfg = Debug|Any CPU
		{1601A58D-78CC-4966-906B-FCB47FD02358}.Debug|Any CPU.Build.0 = Debug|Any CPU
		{1601A58D-78CC-4966-906B-FCB47FD02358}.Release|Any CPU.ActiveCfg = Release|Any CPU
		{1601A58D-78CC-4966-906B-FCB47FD02358}.Release|Any CPU.Build.0 = Release|Any CPU
	EndGlobalSection
	GlobalSection(SolutionProperties) = preSolution
		HideSolutionNode = FALSE
	EndGlobalSection
	GlobalSection(ExtensibilityGlobals) = postSolution
		SolutionGuid = {61409ADB-0234-4097-84AE-BA13CA6791E5}
	EndGlobalSection
EndGlobal
